# THIS IS AN AUTOGENERATED FILE. DO NOT EDIT THIS FILE DIRECTLY.
# yarn lockfile v1


code-128-encoder@^3.1.1:
  version "3.1.1"
  resolved "https://registry.yarnpkg.com/code-128-encoder/-/code-128-encoder-3.1.1.tgz#657049620ede0c9c07d36ebdad008d01908a22e9"
  integrity sha512-aZvPmAA2GGWydy+piAi5VphSh5WEKKFx1+1LtBV02Vof8ewdr5Xg6E+9N8nQ67qir+i/l5QGkE/JE39vOXYPMw==
